
Microsoft Visual Studio Solution File, Format Version 12.00
# Visual Studio Version 17
VisualStudioVersion = 17.5.33627.172
MinimumVisualStudioVersion = 10.0.40219.1
Project("{FAE04EC0-301F-11D3-BF4B-00C04F79EFBC}") = "Todoist_GC_project", "Todoist_GC_project\Todoist_GC_project.csproj", "{735D8833-F6CA-423C-97EE-F93751E12EF0}"
EndProject
Global
	GlobalSection(SolutionConfigurationPlatforms) = preSolution
		Debug|Any CPU = Debug|Any CPU
		Release|Any CPU = Release|Any CPU
	EndGlobalSection
	GlobalSection(ProjectConfigurationPlatforms) = postSolution
		{735D8833-F6CA-423C-97EE-F93751E12EF0}.Debug|Any CPU.ActiveCfg = Debug|Any CPU
		{735D8833-F6CA-423C-97EE-F93751E12EF0}.Debug|Any CPU.Build.0 = Debug|Any CPU
		{735D8833-F6CA-423C-97EE-F93751E12EF0}.Release|Any CPU.ActiveCfg = Release|Any CPU
		{735D8833-F6CA-423C-97EE-F93751E12EF0}.Release|Any CPU.Build.0 = Release|Any CPU
	EndGlobalSection
	GlobalSection(SolutionProperties) = preSolution
		HideSolutionNode = FALSE
	EndGlobalSection
	GlobalSection(ExtensibilityGlobals) = postSolution
		SolutionGuid = {DC710FAF-37AA-45FF-AF3B-1C3786CC2800}
	EndGlobalSection
EndGlobal
